{
    "_meta": {
        "hash": {
            "sha256": "7ab72abfb2f90c2c3c2e0afa15b5af95d5a6980f5468b06d764b29135f79c538"
        },
        "pipfile-spec": 6,
        "requires": {},
        "sources": [
            {
                "name": "pypi",
                "url": "https://pypi.python.org/simple",
                "verify_ssl": true
            }
        ]
    },
    "default": {
        "argon2-cffi": {
            "hashes": [
                "sha256:008605e1b3c74585c9b3cf53861523c5f03e57021cb8f947099c3fc720c98fdb",
                "sha256:02ba7fbbc8bac5ce1ecf5baf6de526c76a9f8def46ab5d4d2742f1da4802d5e8",
                "sha256:0357f3d2b9abad154288aafe49f1fd8b8382a0aad1ab3442acb21886e0765fb9",
                "sha256:0b1f1244347eb549951908f07064c63d6a7fa3398e82c525502e4e3e0509d121",
                "sha256:126b5015cc646fa3cb0d140b474060756a9bc67a018bf7c195b942130d098362",
                "sha256:12b1c8100fd38156e336b1fee2e6386ce5ae57efefb6bf55d9b365a64034fb1a",
                "sha256:1ba0d486ded2e07786a2abc9baaf9c99217649b049f6d4381fd93d00a08f3cb8",
                "sha256:3a6f8328275c3c14d49ff74b0a37f1bb8d3aee8ea56a64a28e34561168e0ae8f",
                "sha256:4c7d619e46cf561470cbf3ea33b9f324dd30536be51e1e6786b2ed163bc7ccd8",
                "sha256:5a2767362f9585b9afab828c5e152f220c3e544f384f6f0fe2f58ca6d971766b",
                "sha256:6308387b138eb80445a91cbdf1f5dc701b5568d668f7ca73a36d24311ebe7ef3",
                "sha256:6395ac491bba890e28f037857b95b9fd9bfd4caf2e6457d30050306a8a8eaa7a",
                "sha256:64a5cafb28992458a1f825ffbda3a7291fdc67b2a143060b1a24c396d0699eba",
                "sha256:743bad2613f89851d17d17c194081f5260e1934dbceb3bbee5c9f05f4d22ab44",
                "sha256:7559b1d447bf9cb14b181749f0547a70ede477c823fc8b5fdf616aed10acbbea",
                "sha256:791397d63bc93d0920aec32d9f5c2269fa127f828b2384c83a96aab83ec6a22c",
                "sha256:8a0b5b4353f985ff44bc9a91e887b56aa3e7ff511b44b8a2b245ceb21b4625f4",
                "sha256:8bbfa253833b453c520f0fff9ad3dc8dc2f7f9b9d6ec1f70e693dd467671b9f2",
                "sha256:99a5246d68fb17c33eddc9e8b21cfcb0de1f8360d0bb0b73be5ede20078de3aa",
                "sha256:9d2ce3d43a07922df6e83eb3d13b2876f2cd1993a591797745fb5c50f747780e",
                "sha256:e0d921fc1e8775cf8a3b87bf716967fb2bc725370d8d49ca3f2ae5f6bddcc878",
                "sha256:ef6b7ddf6152d5ccc8172e53b9d130a0cba1b5624da07b15ef2544d7917515b0",
                "sha256:fcc6d8b9693b97aa35096ba7bd73d327aca66d4bcca807ddfdfe7e7efe8c930f"
            ],
            "index": "pypi",
            "version": "==16.3.0"
        },
        "bcrypt": {
            "hashes": [
                "sha256:01477981abf74e306e8ee31629a940a5e9138de000c6b0898f7f850461c4a0a5",
                "sha256:054d6e0acaea429e6da3613fcd12d05ee29a531794d96f6ab959f29a39f33391",
                "sha256:0872eeecdf9a429c1420158500eedb323a132bc5bf3339475151c52414729e70",
                "sha256:09a3b8c258b815eadb611bad04ca15ec77d86aa9ce56070e1af0d5932f17642a",
                "sha256:0f317e4ffbdd15c3c0f8ab5fbd86aa9aabc7bea18b5cc5951b456fe39e9f738c",
                "sha256:2788c32673a2ad0062bea850ab73cffc0dba874db10d7a3682b6f2f280553f20",
                "sha256:321d4d48be25b8d77594d8324c0585c80ae91ac214f62db9098734e5e7fb280f",
                "sha256:346d6f84ff0b493dbc90c6b77136df83e81f903f0b95525ee80e5e6d5e4eef84",
                "sha256:34dd60b90b0f6de94a89e71fcd19913a30e83091c8468d0923a93a0cccbfbbff",
                "sha256:3b4c23300c4eded8895442c003ae9b14328ae69309ac5867e7530de8bdd7875d",
                "sha256:43d1960e7db14042319c46925892d5fa99b08ff21d57482e6f5328a1aca03588",
                "sha256:49e96267cd9be55a349fd74f9852eb9ae2c427cd7f6455d0f1765d7332292832",
                "sha256:63e06ffdaf4054a89757a3a1ab07f1b922daf911743114a54f7c561b9e1baa58",
                "sha256:67ed1a374c9155ec0840214ce804616de49c3df9c5bc66740687c1c9b1cd9e8d",
                "sha256:6b662a5669186439f4f583636c8d6ea77cf92f7cfe6aae8d22edf16c36840574",
                "sha256:6efd9ca20aefbaf2e7e6817a2c6ed4a50ff6900fafdea1bcb1d0e9471743b144",
                "sha256:8569844a5d8e1fdde4d7712a05ab2e6061343ac34af6e7e3d7935b2bd1907bfd",
                "sha256:8629ea6a8a59f865add1d6a87464c3c676e60101b8d16ef404d0a031424a8491",
                "sha256:988cac675e25133d01a78f2286189c1f01974470817a33eaf4cfee573cfb72a5",
                "sha256:9a6fedda73aba1568962f7543a1f586051c54febbc74e87769bad6a4b8587c39",
                "sha256:9eced8962ce3b7124fe20fd358cf8c7470706437fa064b9874f849ad4c5866fc",
                "sha256:a005ed6163490988711ff732386b08effcbf8df62ae93dd1e5bda0714fad8afb",
                "sha256:ae35dbcb6b011af6c840893b32399252d81ff57d52c13e12422e16b5fea1d0fb",
                "sha256:b1e8491c6740f21b37cca77bc64677696a3fb9f32360794d57fa8477b7329eda",
                "sha256:c906bdb482162e9ef48eea9f8c0d967acceb5c84f2d25574c7d2a58d04861df1",
                "sha256:cb18ffdc861dbb244f14be32c47ab69604d0aca415bee53485fcea4f8e93d5ef",
                "sha256:cc2f24dc1c6c88c56248e93f28d439ee4018338567b0bbb490ea26a381a29b1e",
                "sha256:d860c7fff18d49e20339fc6dffc2d485635e36d4b2cccf58f45db815b64100b4",
                "sha256:d86da365dda59010ba0d1ac45aa78390f56bf7f992e65f70b3b081d5e5257b09",
                "sha256:e22f0997622e1ceec834fd25947dc2ee2962c2133ea693d61805bc867abaf7ea",
                "sha256:f2fe545d27a619a552396533cddf70d83cecd880a611cdfdbb87ca6aec52f66b",
                "sha256:f425e925485b3be48051f913dbe17e08e8c48588fdf44a26b8b14067041c0da6",
                "sha256:f7fd3ed3745fe6e81e28dc3b3d76cce31525a91f32a387e1febd6b982caf8cdb",
                "sha256:f9210820ee4818d84658ed7df16a7f30c9fba7d8b139959950acef91745cc0f7"
            ],
            "index": "pypi",
            "version": "==3.1.4"
        },
        "cffi": {
            "hashes": [
                "sha256:08f99e8b38d5134d504aa7e486af8e4fde66a2f388bbecc270cdd1e00fa09ff8",
                "sha256:1112d2fc92a867a6103bce6740a549e74b1d320cf28875609f6e93857eee4f2d",
                "sha256:1b9ab50c74e075bd2ae489853c5f7f592160b379df53b7f72befcbe145475a36",
                "sha256:24eff2997436b6156c2f30bed215c782b1d8fd8c6a704206053c79af95962e45",
                "sha256:2eff642fbc9877a6449026ad66bf37c73bf4232505fb557168ba5c502f95999b",
                "sha256:362e896cea1249ed5c2a81cf6477fabd9e1a5088aa7ea08358a4c6b0998294d2",
                "sha256:40eddb3589f382cb950f2dcf1c39c9b8d7bd5af20665ce273815b0d24635008b",
                "sha256:5ed40760976f6b8613d4a0db5e423673ca162d4ed6c9ed92d1f4e58a47ee01b5",
                "sha256:632c6112c1e914c486f06cfe3f0cc507f44aa1e00ebf732cedb5719e6aa0466a",
                "sha256:64d84f0145e181f4e6cc942088603c8db3ae23485c37eeda71cb3900b5e67cb4",
                "sha256:6cb4edcf87d0e7f5bdc7e5c1a0756fbb37081b2181293c5fdf203347df1cd2a2",
                "sha256:6f19c9df4785305669335b934c852133faed913c0faa63056248168966f7a7d5",
                "sha256:719537b4c5cd5218f0f47826dd705fb7a21d83824920088c4214794457113f3f",
                "sha256:7b0e337a70e58f1a36fb483fd63880c9e74f1db5c532b4082bceac83df1523fa",
                "sha256:853376efeeb8a4ae49a737d5d30f5db8cdf01d9319695719c4af126488df5a6a",
                "sha256:85bbf77ffd12985d76a69d2feb449e35ecdcb4fc54a5f087d2bd54158ae5bb0c",
                "sha256:8978115c6f0b0ce5880bc21c967c65058be8a15f1b81aa5fdbdcbea0e03952d1",
                "sha256:8f7eec920bc83692231d7306b3e311586c2e340db2dc734c43c37fbf9c981d24",
                "sha256:8fe230f612c18af1df6f348d02d682fe2c28ca0a6c3856c99599cdacae7cf226",
                "sha256:92068ebc494b5f9826b822cec6569f1f47b9a446a3fef477e1d11d7fac9ea895",
                "sha256:b57e1c8bcdd7340e9c9d09613b5e7fdd0c600be142f04e2cc1cc8cb7c0b43529",
                "sha256:ba956c9b44646bc1852db715b4a252e52a8f5a4009b57f1dac48ba3203a7bde1",
                "sha256:ca42034c11eb447497ea0e7b855d87ccc2aebc1e253c22e7d276b8599c112a27",
                "sha256:dc9b2003e9a62bbe0c84a04c61b0329e86fccd85134a78d7aca373bbbf788165",
                "sha256:dd308802beb4b2961af8f037becbdf01a1e85009fdfc14088614c1b3c383fae5",
                "sha256:e77cd105b19b8cd721d101687fcf665fd1553eb7b57556a1ef0d453b6fc42faa",
                "sha256:f56dff1bd81022f1c980754ec721fb8da56192b026f17f0f99b965da5ab4fbd2",
                "sha256:fa4cc13c03ea1d0d37ce8528e0ecc988d2365e8ac64d8d86cafab4038cb4ce89",
                "sha256:fa8cf1cb974a9f5911d2a0303f6adc40625c05578d8e7ff5d313e1e27850bd59",
                "sha256:fb003019f06d5fc0aa4738492ad8df1fa343b8a37cbcf634018ad78575d185df",
                "sha256:fd409b7778167c3bcc836484a8f49c0e0b93d3e745d975749f83aa5d18a5822f",
                "sha256:fe5d65a3ee38122003245a82303d11ac05ff36531a8f5ce4bc7d4bbc012797e1"
            ],
            "version": "==1.13.0"
        },
        "django": {
            "hashes": [
                "sha256:9493f9c4417ab6c15221a7ab964f73db0632bc6337ade33810078423b800dbd9",
                "sha256:e2f3ada50cf2106af7b2631b7b0b6f0d983ae30aa218f06d5ec93d3049f94897"
            ],
            "index": "pypi",
            "version": "==2.0.12"
        },
        "django-appconf": {
            "hashes": [
                "sha256:35f13ca4d567f132b960e2cd4c832c2d03cb6543452d34e29b7ba10371ba80e3",
                "sha256:c98a7af40062e996b921f5962a1c4f3f0c979fa7885f7be4710cceb90ebe13a6"
            ],
            "version": "==1.0.3"
        },
        "django-compressor": {
            "hashes": [
                "sha256:7732676cfb9d58498dfb522b036f75f3f253f72ea1345ac036434fdc418c2e57",
                "sha256:9616570e5b08e92fa9eadc7a1b1b49639cce07ef392fc27c74230ab08075b30f"
            ],
            "index": "pypi",
            "version": "==2.2"
        },
        "enum34": {
            "hashes": [
                "sha256:2d81cbbe0e73112bdfe6ef8576f2238f2ba27dd0d55752a776c41d38b7da2850",
                "sha256:644837f692e5f550741432dd3f223bbb9852018674981b1664e5dc339387588a",
                "sha256:6bd0f6ad48ec2aa117d3d141940d484deccda84d4fcd884f5c3d93c23ecd8c79",
                "sha256:8ad8c4783bf61ded74527bffb48ed9b54166685e4230386a9ed9b1279e2df5b1"
            ],
            "version": "==1.1.6"
        },
        "psycopg2": {
            "hashes": [
                "sha256:009e0bc09a57dbef4b601cb8b46a2abad51f5274c8be4bba276ff2884cd4cc53",
                "sha256:0344b181e1aea37a58c218ccb0f0f771295de9aa25a625ed076e6996c6530f9e",
                "sha256:0cd4c848f0e9d805d531e44973c8f48962e20eb7fc0edac3db4f9dbf9ed5ab82",
                "sha256:1286dd16d0e46d59fa54582725986704a7a3f3d9aca6c5902a7eceb10c60cb7e",
                "sha256:1cf5d84290c771eeecb734abe2c6c3120e9837eb12f99474141a862b9061ac51",
                "sha256:207ba4f9125a0a4200691e82d5eee7ea1485708eabe99a07fc7f08696fae62f4",
                "sha256:25250867a4cd1510fb755ef9cb38da3065def999d8e92c44e49a39b9b76bc893",
                "sha256:2954557393cfc9a5c11a5199c7a78cd9c0c793a047552d27b1636da50d013916",
                "sha256:317612d5d0ca4a9f7e42afb2add69b10be360784d21ce4ecfbca19f1f5eadf43",
                "sha256:37f54452c7787dbdc0a634ca9773362b91709917f0b365ed14b831f03cbd34ba",
                "sha256:40fa5630cd7d237cd93c4d4b64b9e5ed9273d1cfce55241c7f9066f5db70629d",
                "sha256:57baf63aeb2965ca4b52613ce78e968b6d2bde700c97f6a7e8c6c236b51ab83e",
                "sha256:594aa9a095de16614f703d759e10c018bdffeafce2921b8e80a0e8a0ebbc12e5",
                "sha256:5c3213be557d0468f9df8fe2487eaf2990d9799202c5ff5cb8d394d09fad9b2a",
                "sha256:697ff63bc5451e0b0db48ad205151123d25683b3754198be7ab5fcb44334e519",
                "sha256:6c2f1a76a9ebd9ecf7825b9e20860139ca502c2bf1beabf6accf6c9e66a7e0c3",
                "sha256:7a75565181e75ba0b9fb174b58172bf6ea9b4331631cfe7bafff03f3641f5d73",
                "sha256:7a9c6c62e6e05df5406e9b5235c31c376a22620ef26715a663cee57083b3c2ea",
                "sha256:7c31dade89634807196a6b20ced831fbd5bec8a21c4e458ea950c9102c3aa96f",
                "sha256:82c40ea3ac1555e0462803380609fbe8b26f52620f3d4f8eb480cfd8ceed8a14",
                "sha256:8f5942a4daf1ffac42109dc4a72f786af4baa4fa702ede1d7c57b4b696c2e7d6",
                "sha256:92179bd68c2efe72924a99b6745a9172471931fc296f9bfdf9645b75eebd6344",
                "sha256:94e4128ba1ea56f02522fffac65520091a9de3f5c00da31539e085e13db4771b",
                "sha256:988d2ec7560d42ef0ac34b3b97aad14c4f068792f00e1524fa1d3749fe4e4b64",
                "sha256:9d6266348b15b4a48623bf4d3e50445d8e581da413644f365805b321703d0fac",
                "sha256:9d64fed2681552ed642e9c0cc831a9e95ab91de72b47d0cb68b5bf506ba88647",
                "sha256:b9358e203168fef7bfe9f430afaed3a2a624717a1d19c7afa7dfcbd76e3cd95c",
                "sha256:bf708455cd1e9fa96c05126e89a0c59b200d086c7df7bbafc7d9be769e4149a3",
                "sha256:d3ac07240e2304181ffdb13c099840b5eb555efc7be9344503c0c03aa681de79",
                "sha256:ddca39cc55877653b5fcf59976d073e3d58c7c406ef54ae8e61ddf8782867182",
                "sha256:fc993c9331d91766d54757bbc70231e29d5ceb2d1ac08b1570feaa0c38ab9582"
            ],
            "index": "pypi",
            "version": "==2.7.3.2"
        },
        "pycparser": {
            "hashes": [
                "sha256:a988718abfad80b6b157acce7bf130a30876d27603738ac39f140993246b25b3"
            ],
            "version": "==2.19"
        },
        "pytz": {
            "hashes": [
                "sha256:1c557d7d0e871de1f5ccd5833f60fb2550652da6be2693c1e02300743d21500d",
                "sha256:b02c06db6cf09c12dd25137e563b31700d3b80fcc4ad23abb7a315f2789819be"
            ],
            "version": "==2019.3"
        },
        "rcssmin": {
            "hashes": [
                "sha256:ca87b695d3d7864157773a61263e5abb96006e9ff0e021eff90cbe0e1ba18270"
            ],
            "version": "==1.0.6"
        },
        "rjsmin": {
            "hashes": [
                "sha256:dd9591aa73500b08b7db24367f8d32c6470021f39d5ab4e50c7c02e4401386f1"
            ],
            "version": "==1.0.12"
        },
        "six": {
            "hashes": [
                "sha256:3350809f0555b11f552448330d0b52d5f24c91a322ea4a15ef22629740f3761c",
                "sha256:d16a0141ec1a18405cd4ce8b4613101da75da0e9a7aec5bdd4fa804d0e0eba73"
            ],
            "version": "==1.12.0"
        }
    },
    "develop": {
        "alabaster": {
            "hashes": [
                "sha256:446438bdcca0e05bd45ea2de1668c1d9b032e1a9154c2c259092d77031ddd359",
                "sha256:a661d72d58e6ea8a57f7a86e37d86716863ee5e92788398526d58b26a4e4dc02"
            ],
            "version": "==0.7.12"
        },
        "attrs": {
            "hashes": [
                "sha256:08a96c641c3a74e44eb59afb61a24f2cb9f4d7188748e76ba4bb5edfa3cb7d1c",
                "sha256:f7b7ce16570fe9965acd6d30101a28f62fb4a7f9e926b3bbc9b61f8b04247e72"
            ],
            "version": "==19.3.0"
        },
        "babel": {
            "hashes": [
                "sha256:af92e6106cb7c55286b25b38ad7695f8b4efb36a90ba483d7f7a6628c46158ab",
                "sha256:e86135ae101e31e2c8ec20a4e0c5220f4eed12487d5cf3f78be7e98d3a57fc28"
            ],
            "version": "==2.7.0"
        },
        "certifi": {
            "hashes": [
                "sha256:e4f3620cfea4f83eedc95b24abd9cd56f3c4b146dd0177e83a21b4eb49e21e50",
                "sha256:fd7c7c74727ddcf00e9acd26bba8da604ffec95bf1c2144e67aff7a8b50e6cef"
            ],
            "version": "==2019.9.11"
        },
        "chardet": {
            "hashes": [
                "sha256:84ab92ed1c4d4f16916e05906b6b75a6c0fb5db821cc65e70cbd64a3e2a5eaae",
                "sha256:fc323ffcaeaed0e0a02bf4d117757b98aed530d9ed4531e3e15460124c106691"
            ],
            "version": "==3.0.4"
        },
        "coverage": {
            "hashes": [
                "sha256:007eeef7e23f9473622f7d94a3e029a45d55a92a1f083f0f3512f5ab9a669b05",
                "sha256:079248312838c4c8f3494934ab7382a42d42d5f365f0cf7516f938dbb3f53f3f",
                "sha256:17307429935f96c986a1b1674f78079528833410750321d22b5fb35d1883828e",
                "sha256:2ad357d12971e77360034c1596011a03f50c0f9e1ecd12e081342b8d1aee2236",
                "sha256:2e1a5c6adebb93c3b175103c2f855eda957283c10cf937d791d81bef8872d6ca",
                "sha256:309d91bd7a35063ec7a0e4d75645488bfab3f0b66373e7722f23da7f5b0f34cc",
                "sha256:358d635b1fc22a425444d52f26287ae5aea9e96e254ff3c59c407426f44574f4",
                "sha256:3f4d0b3403d3e110d2588c275540649b1841725f5a11a7162620224155d00ba2",
                "sha256:493082f104b5ca920e97a485913de254cbe351900deed72d4264571c73464cd0",
                "sha256:4c4f368ffe1c2e7602359c2c50233269f3abe1c48ca6b288dcd0fb1d1c679733",
                "sha256:5ff16548492e8a12e65ff3d55857ccd818584ed587a6c2898a9ebbe09a880674",
                "sha256:66f393e10dd866be267deb3feca39babba08ae13763e0fc7a1063cbe1f8e49f6",
                "sha256:700d7579995044dc724847560b78ac786f0ca292867447afda7727a6fbaa082e",
                "sha256:81912cfe276e0069dca99e1e4e6be7b06b5fc8342641c6b472cb2fed7de7ae18",
                "sha256:82cbd3317320aa63c65555aa4894bf33a13fb3a77f079059eb5935eea415938d",
                "sha256:845fddf89dca1e94abe168760a38271abfc2e31863fbb4ada7f9a99337d7c3dc",
                "sha256:87d942863fe74b1c3be83a045996addf1639218c2cb89c5da18c06c0fe3917ea",
                "sha256:9721f1b7275d3112dc7ccf63f0553c769f09b5c25a26ee45872c7f5c09edf6c1",
                "sha256:a7cfaebd8f24c2b537fa6a271229b051cdac9c1734bb6f939ccfc7c055689baa",
                "sha256:b0059630ca5c6b297690a6bf57bf2fdac1395c24b7935fd73ee64190276b743b",
                "sha256:bd4800e32b4c8d99c3a2c943f1ac430cbf80658d884123d19639bcde90dad44a",
                "sha256:cdd92dd9471e624cd1d8c1a2703d25f114b59b736b0f1f659a98414e535ffb3d",
                "sha256:d00e29b78ff610d300b2c37049a41234d48ea4f2d2581759ebcf67caaf731c31",
                "sha256:d1ee76f560c3c3e8faada866a07a32485445e16ed2206ac8378bd90dadffb9f0",
                "sha256:dd707a21332615108b736ef0b8513d3edaf12d2a7d5fc26cd04a169a8ae9b526",
                "sha256:e3ba9b14607c23623cf38f90b23f5bed4a3be87cbfa96e2e9f4eabb975d1e98b",
                "sha256:e9a0e1caed2a52f15c96507ab78a48f346c05681a49c5b003172f8073da6aa6b",
                "sha256:eea9135432428d3ca7ee9be86af27cb8e56243f73764a9b6c3e0bda1394916be",
                "sha256:f29841e865590af72c4b90d7b5b8e93fd560f5dea436c1d5ee8053788f9285de",
                "sha256:f3a5c6d054c531536a83521c00e5d4004f1e126e2e2556ce399bef4180fbe540",
                "sha256:f87f522bde5540d8a4b11df80058281ac38c44b13ce29ced1e294963dd51a8f8",
                "sha256:f8c55dd0f56d3d618dfacf129e010cbe5d5f94b6951c1b2f13ab1a2f79c284da"
            ],
            "index": "pypi",
            "version": "==4.4.2"
        },
        "django": {
            "hashes": [
                "sha256:9493f9c4417ab6c15221a7ab964f73db0632bc6337ade33810078423b800dbd9",
                "sha256:e2f3ada50cf2106af7b2631b7b0b6f0d983ae30aa218f06d5ec93d3049f94897"
            ],
            "index": "pypi",
            "version": "==2.0.12"
        },
        "django-debug-toolbar": {
            "hashes": [
                "sha256:4af2a4e1e932dadbda197b18585962d4fc20172b4e5a479490bc659fe998864d",
                "sha256:d9ea75659f76d8f1e3eb8f390b47fc5bad0908d949c34a8a3c4c87978eb40a0f"
            ],
            "index": "pypi",
            "version": "==1.9.1"
        },
        "docutils": {
            "hashes": [
                "sha256:6c4f696463b79f1fb8ba0c594b63840ebd41f059e92b31957c46b74a4599b6d0",
                "sha256:9e4d7ecfc600058e07ba661411a2b7de2fd0fafa17d1a7f7361cd47b1175c827",
                "sha256:a2aeea129088da402665e92e0b25b04b073c04b2dce4ab65caaa38b7ce2e1a99"
            ],
            "version": "==0.15.2"
        },
        "flake8": {
            "hashes": [
                "sha256:7253265f7abd8b313e3892944044a365e3f4ac3fcdcfb4298f55ee9ddf188ba0",
                "sha256:c7841163e2b576d435799169b78703ad6ac1bbb0f199994fc05f700b2a90ea37"
            ],
            "index": "pypi",
            "version": "==3.5.0"
        },
        "idna": {
            "hashes": [
                "sha256:c357b3f628cf53ae2c4c05627ecc484553142ca23264e593d327bcde5e9c3407",
                "sha256:ea8b7f6188e6fa117537c3df7da9fc686d485087abf6ac197f9c46432f7e4a3c"
            ],
            "version": "==2.8"
        },
        "imagesize": {
            "hashes": [
                "sha256:3f349de3eb99145973fefb7dbe38554414e5c30abd0c8e4b970a7c9d09f3a1d8",
                "sha256:f3832918bc3c66617f92e35f5d70729187676313caa60c187eb0f28b8fe5e3b5"
            ],
            "version": "==1.1.0"
        },
        "jinja2": {
            "hashes": [
                "sha256:74320bb91f31270f9551d46522e33af46a80c3d619f4a4bf42b3164d30b5911f",
                "sha256:9fe95f19286cfefaa917656583d020be14e7859c6b0252588391e47db34527de"
            ],
            "version": "==2.10.3"
        },
        "markupsafe": {
            "hashes": [
                "sha256:00bc623926325b26bb9605ae9eae8a215691f33cae5df11ca5424f06f2d1f473",
                "sha256:09027a7803a62ca78792ad89403b1b7a73a01c8cb65909cd876f7fcebd79b161",
                "sha256:09c4b7f37d6c648cb13f9230d847adf22f8171b1ccc4d5682398e77f40309235",
                "sha256:1027c282dad077d0bae18be6794e6b6b8c91d58ed8a8d89a89d59693b9131db5",
                "sha256:24982cc2533820871eba85ba648cd53d8623687ff11cbb805be4ff7b4c971aff",
                "sha256:29872e92839765e546828bb7754a68c418d927cd064fd4708fab9fe9c8bb116b",
                "sha256:43a55c2930bbc139570ac2452adf3d70cdbb3cfe5912c71cdce1c2c6bbd9c5d1",
                "sha256:46c99d2de99945ec5cb54f23c8cd5689f6d7177305ebff350a58ce5f8de1669e",
                "sha256:500d4957e52ddc3351cabf489e79c91c17f6e0899158447047588650b5e69183",
                "sha256:535f6fc4d397c1563d08b88e485c3496cf5784e927af890fb3c3aac7f933ec66",
                "sha256:62fe6c95e3ec8a7fad637b7f3d372c15ec1caa01ab47926cfdf7a75b40e0eac1",
                "sha256:6dd73240d2af64df90aa7c4e7481e23825ea70af4b4922f8ede5b9e35f78a3b1",
                "sha256:717ba8fe3ae9cc0006d7c451f0bb265ee07739daf76355d06366154ee68d221e",
                "sha256:79855e1c5b8da654cf486b830bd42c06e8780cea587384cf6545b7d9ac013a0b",
                "sha256:7c1699dfe0cf8ff607dbdcc1e9b9af1755371f92a68f706051cc8c37d447c905",
                "sha256:88e5fcfb52ee7b911e8bb6d6aa2fd21fbecc674eadd44118a9cc3863f938e735",
                "sha256:8defac2f2ccd6805ebf65f5eeb132adcf2ab57aa11fdf4c0dd5169a004710e7d",
                "sha256:98c7086708b163d425c67c7a91bad6e466bb99d797aa64f965e9d25c12111a5e",
                "sha256:9add70b36c5666a2ed02b43b335fe19002ee5235efd4b8a89bfcf9005bebac0d",
                "sha256:9bf40443012702a1d2070043cb6291650a0841ece432556f784f004937f0f32c",
                "sha256:ade5e387d2ad0d7ebf59146cc00c8044acbd863725f887353a10df825fc8ae21",
                "sha256:b00c1de48212e4cc9603895652c5c410df699856a2853135b3967591e4beebc2",
                "sha256:b1282f8c00509d99fef04d8ba936b156d419be841854fe901d8ae224c59f0be5",
                "sha256:b2051432115498d3562c084a49bba65d97cf251f5a331c64a12ee7e04dacc51b",
                "sha256:ba59edeaa2fc6114428f1637ffff42da1e311e29382d81b339c1817d37ec93c6",
                "sha256:c8716a48d94b06bb3b2524c2b77e055fb313aeb4ea620c8dd03a105574ba704f",
                "sha256:cd5df75523866410809ca100dc9681e301e3c27567cf498077e8551b6d20e42f",
                "sha256:e249096428b3ae81b08327a63a485ad0878de3fb939049038579ac0ef61e17e7"
            ],
            "version": "==1.1.1"
        },
        "mccabe": {
            "hashes": [
                "sha256:ab8a6258860da4b6677da4bd2fe5dc2c659cff31b3ee4f7f5d64e79735b80d42",
                "sha256:dd8d182285a0fe56bace7f45b5e7d1a6ebcbf524e8f3bd87eb0f125271b8831f"
            ],
            "version": "==0.6.1"
        },
        "pluggy": {
            "hashes": [
                "sha256:7f8ae7f5bdf75671a718d2daf0a64b7885f74510bcd98b1a0bb420eb9a9d0cff",
                "sha256:d345c8fe681115900d6da8d048ba67c25df42973bda370783cd58826442dcd7c",
                "sha256:e160a7fcf25762bb60efc7e171d4497ff1d8d2d75a3d0df7a21b76821ecbf5c5"
            ],
            "version": "==0.6.0"
        },
        "py": {
            "hashes": [
                "sha256:64f65755aee5b381cea27766a3a147c3f15b9b6b9ac88676de66ba2ae36793fa",
                "sha256:dc639b046a6e2cff5bbe40194ad65936d6ba360b52b3c3fe1d08a82dd50b5e53"
            ],
            "version": "==1.8.0"
        },
        "pycodestyle": {
            "hashes": [
                "sha256:682256a5b318149ca0d2a9185d365d8864a768a28db66a84a2ea946bcc426766",
                "sha256:6c4245ade1edfad79c3446fadfc96b0de2759662dc29d07d80a6f27ad1ca6ba9"
            ],
            "version": "==2.3.1"
        },
        "pyflakes": {
            "hashes": [
                "sha256:08bd6a50edf8cffa9fa09a463063c425ecaaf10d1eb0335a7e8b1401aef89e6f",
                "sha256:8d616a382f243dbf19b54743f280b80198be0bca3a5396f1d2e1fca6223e8805"
            ],
            "version": "==1.6.0"
        },
        "pygments": {
            "hashes": [
                "sha256:71e430bc85c88a430f000ac1d9b331d2407f681d6f6aec95e8bcfbc3df5b0127",
                "sha256:881c4c157e45f30af185c1ffe8d549d48ac9127433f2c380c24b84572ad66297"
            ],
            "version": "==2.4.2"
        },
        "pytest": {
            "hashes": [
                "sha256:ae4a2d0bae1098bbe938ecd6c20a526d5d47a94dc42ad7331c9ad06d0efe4962",
                "sha256:cf8436dc59d8695346fcd3ab296de46425ecab00d64096cebe79fb51ecb2eb93"
            ],
            "index": "pypi",
            "version": "==3.3.1"
        },
        "pytz": {
            "hashes": [
                "sha256:1c557d7d0e871de1f5ccd5833f60fb2550652da6be2693c1e02300743d21500d",
                "sha256:b02c06db6cf09c12dd25137e563b31700d3b80fcc4ad23abb7a315f2789819be"
            ],
            "version": "==2019.3"
        },
        "requests": {
            "hashes": [
                "sha256:11e007a8a2aa0323f5a921e9e6a2d7e4e67d9877e85773fba9ba6419025cbeb4",
                "sha256:9cf5292fcd0f598c671cfc1e0d7d1a7f13bb8085e9a590f48c010551dc6c4b31"
            ],
            "version": "==2.22.0"
        },
        "six": {
            "hashes": [
                "sha256:3350809f0555b11f552448330d0b52d5f24c91a322ea4a15ef22629740f3761c",
                "sha256:d16a0141ec1a18405cd4ce8b4613101da75da0e9a7aec5bdd4fa804d0e0eba73"
            ],
            "version": "==1.12.0"
        },
        "snowballstemmer": {
            "hashes": [
                "sha256:209f257d7533fdb3cb73bdbd24f436239ca3b2fa67d56f6ff88e86be08cc5ef0",
                "sha256:df3bac3df4c2c01363f3dd2cfa78cce2840a79b9f1c2d2de9ce8d31683992f52"
            ],
            "version": "==2.0.0"
        },
        "sphinx": {
            "hashes": [
                "sha256:c6de5dbdbb7a0d7d2757f4389cc00e8f6eb3c49e1772378967a12cfcf2cfe098",
                "sha256:fdf77f4f30d84a314c797d67fe7d1b46665e6c48a25699d7bf0610e05a2221d4"
            ],
            "index": "pypi",
            "version": "==1.6.5"
        },
        "sphinxcontrib-websupport": {
            "hashes": [
                "sha256:1501befb0fdf1d1c29a800fdbf4ef5dc5369377300ddbdd16d2cd40e54c6eefc",
                "sha256:e02f717baf02d0b6c3dd62cf81232ffca4c9d5c331e03766982e3ff9f1d2bc3f"
            ],
            "version": "==1.1.2"
        },
        "sqlparse": {
            "hashes": [
                "sha256:40afe6b8d4b1117e7dff5504d7a8ce07d9a1b15aeeade8a2d10f130a834f8177",
                "sha256:7c3dca29c022744e95b547e867cee89f4fce4373f3549ccd8797d8eb52cdb873"
            ],
            "version": "==0.3.0"
        },
        "tox": {
            "hashes": [
                "sha256:752f5ec561c6c08c5ecb167d3b20f4f4ffc158c0ab78855701a75f5cef05f4b8",
                "sha256:8af30fd835a11f3ff8e95176ccba5a4e60779df4d96a9dfefa1a1704af263225"
            ],
            "index": "pypi",
            "version": "==2.9.1"
        },
        "urllib3": {
            "hashes": [
                "sha256:3de946ffbed6e6746608990594d08faac602528ac7015ac28d33cee6a45b7398",
                "sha256:9a107b99a5393caf59c7aa3c1249c16e6879447533d0887f4336dde834c7be86"
            ],
            "version": "==1.25.6"
        },
        "virtualenv": {
            "hashes": [
                "sha256:3e3597e89c73df9313f5566e8fc582bd7037938d15b05329c232ec57a11a7ad5",
                "sha256:5d370508bf32e522d79096e8cbea3499d47e624ac7e11e9089f9397a0b3318df"
            ],
            "markers": "python_version != '3.2'",
            "version": "==16.7.6"
        }
    }
}
